// !$*UTF8*$!
{
	archiveVersion = 1;
	classes = {
	};
	objectVersion = 46;
	objects = {

/* Begin PBXBuildFile section */
		00AFC4341ADE3456002C331A /* main.m in Sources */ = {isa = PBXBuildFile; fileRef = 00AFC4331ADE3456002C331A /* main.m */; };
		00AFC4371ADE3457002C331A /* AppDelegate.m in Sources */ = {isa = PBXBuildFile; fileRef = 00AFC4361ADE3457002C331A /* AppDelegate.m */; };
		00AFC43A1ADE3457002C331A /* ViewController.m in Sources */ = {isa = PBXBuildFile; fileRef = 00AFC4391ADE3457002C331A /* ViewController.m */; };
		00AFC43D1ADE3457002C331A /* Main.storyboard in Resources */ = {isa = PBXBuildFile; fileRef = 00AFC43B1ADE3457002C331A /* Main.storyboard */; };
		00AFC43F1ADE3457002C331A /* Images.xcassets in Resources */ = {isa = PBXBuildFile; fileRef = 00AFC43E1ADE3457002C331A /* Images.xcassets */; };
		00AFC4421ADE3457002C331A /* LaunchScreen.xib in Resources */ = {isa = PBXBuildFile; fileRef = 00AFC4401ADE3457002C331A /* LaunchScreen.xib */; };
		00AFC44E1ADE3457002C331A /* HideFunctionTests.m in Sources */ = {isa = PBXBuildFile; fileRef = 00AFC44D1ADE3457002C331A /* HideFunctionTests.m */; };
/* End PBXBuildFile section */

/* Begin PBXContainerItemProxy section */
		00AFC4481ADE3457002C331A /* PBXContainerItemProxy */ = {
			isa = PBXContainerItemProxy;
			containerPortal = 00AFC4261ADE3456002C331A /* Project object */;
			proxyType = 1;
			remoteGlobalIDString = 00AFC42D1ADE3456002C331A;
			remoteInfo = HideFunction;
		};
/* End PBXContainerItemProxy section */

/* Begin PBXFileReference section */
		00AFC42E1ADE3456002C331A /* HideFunction.app */ = {isa = PBXFileReference; explicitFileType = wrapper.application; includeInIndex = 0; path = HideFunction.app; sourceTree = BUILT_PRODUCTS_DIR; };
		00AFC4321ADE3456002C331A /* Info.plist */ = {isa = PBXFileReference; lastKnownFileType = text.plist.xml; path = Info.plist; sourceTree = "<group>"; };
		00AFC4331ADE3456002C331A /* main.m */ = {isa = PBXFileReference; lastKnownFileType = sourcecode.c.objc; path = main.m; sourceTree = "<group>"; };
		00AFC4351ADE3456002C331A /* AppDelegate.h */ = {isa = PBXFileReference; lastKnownFileType = sourcecode.c.h; path = AppDelegate.h; sourceTree = "<group>"; };
		00AFC4361ADE3457002C331A /* AppDelegate.m */ = {isa = PBXFileReference; lastKnownFileType = sourcecode.c.objc; path = AppDelegate.m; sourceTree = "<group>"; };
		00AFC4381ADE3457002C331A /* ViewController.h */ = {isa = PBXFileReference; lastKnownFileType = sourcecode.c.h; path = ViewController.h; sourceTree = "<group>"; };
		00AFC4391ADE3457002C331A /* ViewController.m */ = {isa = PBXFileReference; lastKnownFileType = sourcecode.c.objc; path = ViewController.m; sourceTree = "<group>"; };
		00AFC43C1ADE3457002C331A /* Base */ = {isa = PBXFileReference; lastKnownFileType = file.storyboard; name = Base; path = Base.lproj/Main.storyboard; sourceTree = "<group>"; };
		00AFC43E1ADE3457002C331A /* Images.xcassets */ = {isa = PBXFileReference; lastKnownFileType = folder.assetcatalog; path = Images.xcassets; sourceTree = "<group>"; };
		00AFC4411ADE3457002C331A /* Base */ = {isa = PBXFileReference; lastKnownFileType = file.xib; name = Base; path = Base.lproj/LaunchScreen.xib; sourceTree = "<group>"; };
		00AFC4471ADE3457002C331A /* HideFunctionTests.xctest */ = {isa = PBXFileReference; explicitFileType = wrapper.cfbundle; includeInIndex = 0; path = HideFunctionTests.xctest; sourceTree = BUILT_PRODUCTS_DIR; };
		00AFC44C1ADE3457002C331A /* Info.plist */ = {isa = PBXFileReference; lastKnownFileType = text.plist.xml; path = Info.plist; sourceTree = "<group>"; };
		00AFC44D1ADE3457002C331A /* HideFunctionTests.m */ = {isa = PBXFileReference; lastKnownFileType = sourcecode.c.objc; path = HideFunctionTests.m; sourceTree = "<group>"; };
/* End PBXFileReference section */

/* Begin PBXFrameworksBuildPhase section */
		00AFC42B1ADE3456002C331A /* Frameworks */ = {
			isa = PBXFrameworksBuildPhase;
			buildActionMask = 2147483647;
			files = (
			);
			runOnlyForDeploymentPostprocessing = 0;
		};
		00AFC4441ADE3457002C331A /* Frameworks */ = {
			isa = PBXFrameworksBuildPhase;
			buildActionMask = 2147483647;
			files = (
			);
			runOnlyForDeploymentPostprocessing = 0;
		};
/* End PBXFrameworksBuildPhase section */

/* Begin PBXGroup section */
		00AFC4251ADE3456002C331A = {
			isa = PBXGroup;
			children = (
				00AFC4301ADE3456002C331A /* HideFunction */,
				00AFC44A1ADE3457002C331A /* HideFunctionTests */,
				00AFC42F1ADE3456002C331A /* Products */,
			);
			sourceTree = "<group>";
		};
		00AFC42F1ADE3456002C331A /* Products */ = {
			isa = PBXGroup;
			children = (
				00AFC42E1ADE3456002C331A /* HideFunction.app */,
				00AFC4471ADE3457002C331A /* HideFunctionTests.xctest */,
			);
			name = Products;
			sourceTree = "<group>";
		};
		00AFC4301ADE3456002C331A /* HideFunction */ = {
			isa = PBXGroup;
			children = (
				00AFC4351ADE3456002C331A /* AppDelegate.h */,
				00AFC4361ADE3457002C331A /* AppDelegate.m */,
				00AFC4381ADE3457002C331A /* ViewController.h */,
				00AFC4391ADE3457002C331A /* ViewController.m */,
				00AFC43B1ADE3457002C331A /* Main.storyboard */,
				00AFC43E1ADE3457002C331A /* Images.xcassets */,
				00AFC4401ADE3457002C331A /* LaunchScreen.xib */,
				00AFC4311ADE3456002C331A /* Supporting Files */,
			);
			path = HideFunction;
			sourceTree = "<group>";
		};
		00AFC4311ADE3456002C331A /* Supporting Files */ = {
			isa = PBXGroup;
			children = (
				00AFC4321ADE3456002C331A /* Info.plist */,
				00AFC4331ADE3456002C331A /* main.m */,
			);
			name = "Supporting Files";
			sourceTree = "<group>";
		};
		00AFC44A1ADE3457002C331A /* HideFunctionTests */ = {
			isa = PBXGroup;
			children = (
				00AFC44D1ADE3457002C331A /* HideFunctionTests.m */,
				00AFC44B1ADE3457002C331A /* Supporting Files */,
			);
			path = HideFunctionTests;
			sourceTree = "<group>";
		};
		00AFC44B1ADE3457002C331A /* Supporting Files */ = {
			isa = PBXGroup;
			children = (
				00AFC44C1ADE3457002C331A /* Info.plist */,
			);
			name = "Supporting Files";
			sourceTree = "<group>";
		};
/* End PBXGroup section */

/* Begin PBXNativeTarget section */
		00AFC42D1ADE3456002C331A /* HideFunction */ = {
			isa = PBXNativeTarget;
			buildConfigurationList = 00AFC4511ADE3457002C331A /* Build configuration list for PBXNativeTarget "HideFunction" */;
			buildPhases = (
				00AFC42A1ADE3456002C331A /* Sources */,
				00AFC42B1ADE3456002C331A /* Frameworks */,
				00AFC42C1ADE3456002C331A /* Resources */,
			);
			buildRules = (
			);
			dependencies = (
			);
			name = HideFunction;
			productName = HideFunction;
			productReference = 00AFC42E1ADE3456002C331A /* HideFunction.app */;
			productType = "com.apple.product-type.application";
		};
		00AFC4461ADE3457002C331A /* HideFunctionTests */ = {
			isa = PBXNativeTarget;
			buildConfigurationList = 00AFC4541ADE3457002C331A /* Build configuration list for PBXNativeTarget "HideFunctionTests" */;
			buildPhases = (
				00AFC4431ADE3457002C331A /* Sources */,
				00AFC4441ADE3457002C331A /* Frameworks */,
				00AFC4451ADE3457002C331A /* Resources */,
			);
			buildRules = (
			);
			dependencies = (
				00AFC4491ADE3457002C331A /* PBXTargetDependency */,
			);
			name = HideFunctionTests;
			productName = HideFunctionTests;
			productReference = 00AFC4471ADE3457002C331A /* HideFunctionTests.xctest */;
			productType = "com.apple.product-type.bundle.unit-test";
		};
/* End PBXNativeTarget section */

/* Begin PBXProject section */
		00AFC4261ADE3456002C331A /* Project object */ = {
			isa = PBXProject;
			attributes = {
				LastUpgradeCheck = 0630;
				ORGANIZATIONNAME = a;
				TargetAttributes = {
					00AFC42D1ADE3456002C331A = {
						CreatedOnToolsVersion = 6.3;
					};
					00AFC4461ADE3457002C331A = {
						CreatedOnToolsVersion = 6.3;
						TestTargetID = 00AFC42D1ADE3456002C331A;
					};
				};
			};
			buildConfigurationList = 00AFC4291ADE3456002C331A /* Build configuration list for PBXProject "HideFunction" */;
			compatibilityVersion = "Xcode 3.2";
			developmentRegion = English;
			hasScannedForEncodings = 0;
			knownRegions = (
				en,
				Base,
			);
			mainGroup = 00AFC4251ADE3456002C331A;
			productRefGroup = 00AFC42F1ADE3456002C331A /* Products */;
			projectDirPath = "";
			projectRoot = "";
			targets = (
				00AFC42D1ADE3456002C331A /* HideFunction */,
				00AFC4461ADE3457002C331A /* HideFunctionTests */,
			);
		};
/* End PBXProject section */

/* Begin PBXResourcesBuildPhase section */
		00AFC42C1ADE3456002C331A /* Resources */ = {
			isa = PBXResourcesBuildPhase;
			buildActionMask = 2147483647;
			files = (
				00AFC43D1ADE3457002C331A /* Main.storyboard in Resources */,
				00AFC4421ADE3457002C331A /* LaunchScreen.xib in Resources */,
				00AFC43F1ADE3457002C331A /* Images.xcassets in Resources */,
			);
			runOnlyForDeploymentPostprocessing = 0;
		};
		00AFC4451ADE3457002C331A /* Resources */ = {
			isa = PBXResourcesBuildPhase;
			buildActionMask = 2147483647;
			files = (
			);
			runOnlyForDeploymentPostprocessing = 0;
		};
/* End PBXResourcesBuildPhase section */

/* Begin PBXSourcesBuildPhase section */
		00AFC42A1ADE3456002C331A /* Sources */ = {
			isa = PBXSourcesBuildPhase;
			buildActionMask = 2147483647;
			files = (
				00AFC43A1ADE3457002C331A /* ViewController.m in Sources */,
				00AFC4371ADE3457002C331A /* AppDelegate.m in Sources */,
				00AFC4341ADE3456002C331A /* main.m in Sources */,
			);
			runOnlyForDeploymentPostprocessing = 0;
		};
		00AFC4431ADE3457002C331A /* Sources */ = {
			isa = PBXSourcesBuildPhase;
			buildActionMask = 2147483647;
			files = (
				00AFC44E1ADE3457002C331A /* HideFunctionTests.m in Sources */,
			);
			runOnlyForDeploymentPostprocessing = 0;
		};
/* End PBXSourcesBuildPhase section */

/* Begin PBXTargetDependency section */
		00AFC4491ADE3457002C331A /* PBXTargetDependency */ = {
			isa = PBXTargetDependency;
			target = 00AFC42D1ADE3456002C331A /* HideFunction */;
			targetProxy = 00AFC4481ADE3457002C331A /* PBXContainerItemProxy */;
		};
/* End PBXTargetDependency section */

/* Begin PBXVariantGroup section */
		00AFC43B1ADE3457002C331A /* Main.storyboard */ = {
			isa = PBXVariantGroup;
			children = (
				00AFC43C1ADE3457002C331A /* Base */,
			);
			name = Main.storyboard;
			sourceTree = "<group>";
		};
		00AFC4401ADE3457002C331A /* LaunchScreen.xib */ = {
			isa = PBXVariantGroup;
			children = (
				00AFC4411ADE3457002C331A /* Base */,
			);
			name = LaunchScreen.xib;
			sourceTree = "<group>";
		};
/* End PBXVariantGroup section */

/* Begin XCBuildConfiguration section */
		00AFC44F1ADE3457002C331A /* Debug */ = {
			isa = XCBuildConfiguration;
			buildSettings = {
				ALWAYS_SEARCH_USER_PATHS = NO;
				CLANG_CXX_LANGUAGE_STANDARD = "gnu++0x";
				CLANG_CXX_LIBRARY = "libc++";
				CLANG_ENABLE_MODULES = YES;
				CLANG_ENABLE_OBJC_ARC = YES;
				CLANG_WARN_BOOL_CONVERSION = YES;
				CLANG_WARN_CONSTANT_CONVERSION = YES;
				CLANG_WARN_DIRECT_OBJC_ISA_USAGE = YES_ERROR;
				CLANG_WARN_EMPTY_BODY = YES;
				CLANG_WARN_ENUM_CONVERSION = YES;
				CLANG_WARN_INT_CONVERSION = YES;
				CLANG_WARN_OBJC_ROOT_CLASS = YES_ERROR;
				CLANG_WARN_UNREACHABLE_CODE = YES;
				CLANG_WARN__DUPLICATE_METHOD_MATCH = YES;
				"CODE_SIGN_IDENTITY[sdk=iphoneos*]" = "iPhone Developer";
				COPY_PHASE_STRIP = NO;
				DEBUG_INFORMATION_FORMAT = "dwarf-with-dsym";
				ENABLE_STRICT_OBJC_MSGSEND = YES;
				GCC_C_LANGUAGE_STANDARD = gnu99;
				GCC_DYNAMIC_NO_PIC = NO;
				GCC_NO_COMMON_BLOCKS = YES;
				GCC_OPTIMIZATION_LEVEL = 0;
				GCC_PREPROCESSOR_DEFINITIONS = (
					"DEBUG=1",
					"$(inherited)",
				);
				GCC_SYMBOLS_PRIVATE_EXTERN = NO;
				GCC_WARN_64_TO_32_BIT_CONVERSION = YES;
				GCC_WARN_ABOUT_RETURN_TYPE = YES_ERROR;
				GCC_WARN_UNDECLARED_SELECTOR = YES;
				GCC_WARN_UNINITIALIZED_AUTOS = YES_AGGRESSIVE;
				GCC_WARN_UNUSED_FUNCTION = YES;
				GCC_WARN_UNUSED_VARIABLE = YES;
				IPHONEOS_DEPLOYMENT_TARGET = 8.3;
				MTL_ENABLE_DEBUG_INFO = YES;
				ONLY_ACTIVE_ARCH = YES;
				SDKROOT = iphoneos;
				TARGETED_DEVICE_FAMILY = "1,2";
			};
			name = Debug;
		};
		00AFC4501ADE3457002C331A /* Release */ = {
			isa = XCBuildConfiguration;
			buildSettings = {
				ALWAYS_SEARCH_USER_PATHS = NO;
				CLANG_CXX_LANGUAGE_STANDARD = "gnu++0x";
				CLANG_CXX_LIBRARY = "libc++";
				CLANG_ENABLE_MODULES = YES;
				CLANG_ENABLE_OBJC_ARC = YES;
				CLANG_WARN_BOOL_CONVERSION = YES;
				CLANG_WARN_CONSTANT_CONVERSION = YES;
				CLANG_WARN_DIRECT_OBJC_ISA_USAGE = YES_ERROR;
				CLANG_WARN_EMPTY_BODY = YES;
				CLANG_WARN_ENUM_CONVERSION = YES;
				CLANG_WARN_INT_CONVERSION = YES;
				CLANG_WARN_OBJC_ROOT_CLASS = YES_ERROR;
				CLANG_WARN_UNREACHABLE_CODE = YES;
				CLANG_WARN__DUPLICATE_METHOD_MATCH = YES;
				"CODE_SIGN_IDENTITY[sdk=iphoneos*]" = "iPhone Developer";
				COPY_PHASE_STRIP = NO;
				DEBUG_INFORMATION_FORMAT = "dwarf-with-dsym";
				ENABLE_NS_ASSERTIONS = NO;
				ENABLE_STRICT_OBJC_MSGSEND = YES;
				GCC_C_LANGUAGE_STANDARD = gnu99;
				GCC_NO_COMMON_BLOCKS = YES;
				GCC_WARN_64_TO_32_BIT_CONVERSION = YES;
				GCC_WARN_ABOUT_RETURN_TYPE = YES_ERROR;
				GCC_WARN_UNDECLARED_SELECTOR = YES;
				GCC_WARN_UNINITIALIZED_AUTOS = YES_AGGRESSIVE;
				GCC_WARN_UNUSED_FUNCTION = YES;
				GCC_WARN_UNUSED_VARIABLE = YES;
				IPHONEOS_DEPLOYMENT_TARGET = 8.3;
				MTL_ENABLE_DEBUG_INFO = NO;
				SDKROOT = iphoneos;
				TARGETED_DEVICE_FAMILY = "1,2";
				VALIDATE_PRODUCT = YES;
			};
			name = Release;
		};
		00AFC4521ADE3457002C331A /* Debug */ = {
			isa = XCBuildConfiguration;
			buildSettings = {
				ASSETCATALOG_COMPILER_APPICON_NAME = AppIcon;
				INFOPLIST_FILE = HideFunction/Info.plist;
				LD_RUNPATH_SEARCH_PATHS = "$(inherited) @executable_path/Frameworks";
				PRODUCT_NAME = "$(TARGET_NAME)";
			};
			name = Debug;
		};
		00AFC4531ADE3457002C331A /* Release */ = {
			isa = XCBuildConfiguration;
			buildSettings = {
				ASSETCATALOG_COMPILER_APPICON_NAME = AppIcon;
				INFOPLIST_FILE = HideFunction/Info.plist;
				LD_RUNPATH_SEARCH_PATHS = "$(inherited) @executable_path/Frameworks";
				PRODUCT_NAME = "$(TARGET_NAME)";
			};
			name = Release;
		};
		00AFC4551ADE3457002C331A /* Debug */ = {
			isa = XCBuildConfiguration;
			buildSettings = {
				BUNDLE_LOADER = "$(TEST_HOST)";
				FRAMEWORK_SEARCH_PATHS = (
					"$(SDKROOT)/Developer/Library/Frameworks",
					"$(inherited)",
				);
				GCC_PREPROCESSOR_DEFINITIONS = (
					"DEBUG=1",
					"$(inherited)",
				);
				INFOPLIST_FILE = HideFunctionTests/Info.plist;
				LD_RUNPATH_SEARCH_PATHS = "$(inherited) @executable_path/Frameworks @loader_path/Frameworks";
				PRODUCT_NAME = "$(TARGET_NAME)";
				TEST_HOST = "$(BUILT_PRODUCTS_DIR)/HideFunction.app/HideFunction";
			};
			name = Debug;
		};
		00AFC4561ADE3457002C331A /* Release */ = {
			isa = XCBuildConfiguration;
			buildSettings = {
				BUNDLE_LOADER = "$(TEST_HOST)";
				FRAMEWORK_SEARCH_PATHS = (
					"$(SDKROOT)/Developer/Library/Frameworks",
					"$(inherited)",
				);
				INFOPLIST_FILE = HideFunctionTests/Info.plist;
				LD_RUNPATH_SEARCH_PATHS = "$(inherited) @executable_path/Frameworks @loader_path/Frameworks";
				PRODUCT_NAME = "$(TARGET_NAME)";
				TEST_HOST = "$(BUILT_PRODUCTS_DIR)/HideFunction.app/HideFunction";
			};
			name = Release;
		};
/* End XCBuildConfiguration section */

/* Begin XCConfigurationList section */
		00AFC4291ADE3456002C331A /* Build configuration list for PBXProject "HideFunction" */ = {
			isa = XCConfigurationList;
			buildConfigurations = (
				00AFC44F1ADE3457002C331A /* Debug */,
				00AFC4501ADE3457002C331A /* Release */,
			);
			defaultConfigurationIsVisible = 0;
			defaultConfigurationName = Release;
		};
		00AFC4511ADE3457002C331A /* Build configuration list for PBXNativeTarget "HideFunction" */ = {
			isa = XCConfigurationList;
			buildConfigurations = (
				00AFC4521ADE3457002C331A /* Debug */,
				00AFC4531ADE3457002C331A /* Release */,
			);
			defaultConfigurationIsVisible = 0;
		};
		00AFC4541ADE3457002C331A /* Build configuration list for PBXNativeTarget "HideFunctionTests" */ = {
			isa = XCConfigurationList;
			buildConfigurations = (
				00AFC4551ADE3457002C331A /* Debug */,
				00AFC4561ADE3457002C331A /* Release */,
			);
			defaultConfigurationIsVisible = 0;
		};
/* End XCConfigurationList section */
	};
	rootObject = 00AFC4261ADE3456002C331A /* Project object */;
}
